
Microsoft Visual Studio Solution File, Format Version 12.00
# Visual Studio 2012
Project("{FAE04EC0-301F-11D3-BF4B-00C04F79EFBC}") = "ExceptionHandlingInElements_byJohn", "ExceptionHandlingInElements_byJohn\ExceptionHandlingInElements_byJohn.csproj", "{8D9129A4-5AB6-44F2-A109-74ED4BF2BACA}"
EndProject
Global
	GlobalSection(SolutionConfigurationPlatforms) = preSolution
		Debug|Any CPU = Debug|Any CPU
		Release|Any CPU = Release|Any CPU
	EndGlobalSection
	GlobalSection(ProjectConfigurationPlatforms) = postSolution
		{8D9129A4-5AB6-44F2-A109-74ED4BF2BACA}.Debug|Any CPU.ActiveCfg = Debug|Any CPU
		{8D9129A4-5AB6-44F2-A109-74ED4BF2BACA}.Debug|Any CPU.Build.0 = Debug|Any CPU
		{8D9129A4-5AB6-44F2-A109-74ED4BF2BACA}.Release|Any CPU.ActiveCfg = Release|Any CPU
		{8D9129A4-5AB6-44F2-A109-74ED4BF2BACA}.Release|Any CPU.Build.0 = Release|Any CPU
	EndGlobalSection
	GlobalSection(SolutionProperties) = preSolution
		HideSolutionNode = FALSE
	EndGlobalSection
EndGlobal
